// !$*UTF8*$!
{
	archiveVersion = 1;
	classes = {
	};
	objectVersion = 46;
	objects = {

/* Begin PBXBuildFile section */
		AFF1534E1606D9A900CA2685 /* UIKit.framework in Frameworks */ = {isa = PBXBuildFile; fileRef = AFF1534D1606D9A900CA2685 /* UIKit.framework */; };
		AFF153501606D9A900CA2685 /* Foundation.framework in Frameworks */ = {isa = PBXBuildFile; fileRef = AFF1534F1606D9A900CA2685 /* Foundation.framework */; };
		AFF153521606D9A900CA2685 /* CoreGraphics.framework in Frameworks */ = {isa = PBXBuildFile; fileRef = AFF153511606D9A900CA2685 /* CoreGraphics.framework */; };
		AFF153581606D9A900CA2685 /* InfoPlist.strings in Resources */ = {isa = PBXBuildFile; fileRef = AFF153561606D9A900CA2685 /* InfoPlist.strings */; };
		AFF1535A1606D9A900CA2685 /* main.m in Sources */ = {isa = PBXBuildFile; fileRef = AFF153591606D9A900CA2685 /* main.m */; };
		AFF1535E1606D9A900CA2685 /* AppDelegate.m in Sources */ = {isa = PBXBuildFile; fileRef = AFF1535D1606D9A900CA2685 /* AppDelegate.m */; };
		AFF153611606D9A900CA2685 /* MainStoryboard.storyboard in Resources */ = {isa = PBXBuildFile; fileRef = AFF1535F1606D9A900CA2685 /* MainStoryboard.storyboard */; };
		AFF153641606D9A900CA2685 /* MasterViewController.m in Sources */ = {isa = PBXBuildFile; fileRef = AFF153631606D9A900CA2685 /* MasterViewController.m */; };
		AFF153671606D9A900CA2685 /* DetailViewController.m in Sources */ = {isa = PBXBuildFile; fileRef = AFF153661606D9A900CA2685 /* DetailViewController.m */; };
/* End PBXBuildFile section */

/* Begin PBXFileReference section */
		AFF153491606D9A900CA2685 /* edufii.app */ = {isa = PBXFileReference; explicitFileType = wrapper.application; includeInIndex = 0; path = edufii.app; sourceTree = BUILT_PRODUCTS_DIR; };
		AFF1534D1606D9A900CA2685 /* UIKit.framework */ = {isa = PBXFileReference; lastKnownFileType = wrapper.framework; name = UIKit.framework; path = System/Library/Frameworks/UIKit.framework; sourceTree = SDKROOT; };
		AFF1534F1606D9A900CA2685 /* Foundation.framework */ = {isa = PBXFileReference; lastKnownFileType = wrapper.framework; name = Foundation.framework; path = System/Library/Frameworks/Foundation.framework; sourceTree = SDKROOT; };
		AFF153511606D9A900CA2685 /* CoreGraphics.framework */ = {isa = PBXFileReference; lastKnownFileType = wrapper.framework; name = CoreGraphics.framework; path = System/Library/Frameworks/CoreGraphics.framework; sourceTree = SDKROOT; };
		AFF153551606D9A900CA2685 /* edufii-Info.plist */ = {isa = PBXFileReference; lastKnownFileType = text.plist.xml; path = "edufii-Info.plist"; sourceTree = "<group>"; };
		AFF153571606D9A900CA2685 /* en */ = {isa = PBXFileReference; lastKnownFileType = text.plist.strings; name = en; path = en.lproj/InfoPlist.strings; sourceTree = "<group>"; };
		AFF153591606D9A900CA2685 /* main.m */ = {isa = PBXFileReference; lastKnownFileType = sourcecode.c.objc; path = main.m; sourceTree = "<group>"; };
		AFF1535B1606D9A900CA2685 /* edufii-Prefix.pch */ = {isa = PBXFileReference; lastKnownFileType = sourcecode.c.h; path = "edufii-Prefix.pch"; sourceTree = "<group>"; };
		AFF1535C1606D9A900CA2685 /* AppDelegate.h */ = {isa = PBXFileReference; lastKnownFileType = sourcecode.c.h; path = AppDelegate.h; sourceTree = "<group>"; };
		AFF1535D1606D9A900CA2685 /* AppDelegate.m */ = {isa = PBXFileReference; lastKnownFileType = sourcecode.c.objc; path = AppDelegate.m; sourceTree = "<group>"; };
		AFF153601606D9A900CA2685 /* en */ = {isa = PBXFileReference; lastKnownFileType = file.storyboard; name = en; path = en.lproj/MainStoryboard.storyboard; sourceTree = "<group>"; };
		AFF153621606D9A900CA2685 /* MasterViewController.h */ = {isa = PBXFileReference; lastKnownFileType = sourcecode.c.h; path = MasterViewController.h; sourceTree = "<group>"; };
		AFF153631606D9A900CA2685 /* MasterViewController.m */ = {isa = PBXFileReference; lastKnownFileType = sourcecode.c.objc; path = MasterViewController.m; sourceTree = "<group>"; };
		AFF153651606D9A900CA2685 /* DetailViewController.h */ = {isa = PBXFileReference; lastKnownFileType = sourcecode.c.h; path = DetailViewController.h; sourceTree = "<group>"; };
		AFF153661606D9A900CA2685 /* DetailViewController.m */ = {isa = PBXFileReference; lastKnownFileType = sourcecode.c.objc; path = DetailViewController.m; sourceTree = "<group>"; };
/* End PBXFileReference section */

/* Begin PBXFrameworksBuildPhase section */
		AFF153461606D9A900CA2685 /* Frameworks */ = {
			isa = PBXFrameworksBuildPhase;
			buildActionMask = 2147483647;
			files = (
				AFF1534E1606D9A900CA2685 /* UIKit.framework in Frameworks */,
				AFF153501606D9A900CA2685 /* Foundation.framework in Frameworks */,
				AFF153521606D9A900CA2685 /* CoreGraphics.framework in Frameworks */,
			);
			runOnlyForDeploymentPostprocessing = 0;
		};
/* End PBXFrameworksBuildPhase section */

/* Begin PBXGroup section */
		AFF1533E1606D9A900CA2685 = {
			isa = PBXGroup;
			children = (
				AFF153531606D9A900CA2685 /* edufii */,
				AFF1534C1606D9A900CA2685 /* Frameworks */,
				AFF1534A1606D9A900CA2685 /* Products */,
			);
			sourceTree = "<group>";
		};
		AFF1534A1606D9A900CA2685 /* Products */ = {
			isa = PBXGroup;
			children = (
				AFF153491606D9A900CA2685 /* edufii.app */,
			);
			name = Products;
			sourceTree = "<group>";
		};
		AFF1534C1606D9A900CA2685 /* Frameworks */ = {
			isa = PBXGroup;
			children = (
				AFF1534D1606D9A900CA2685 /* UIKit.framework */,
				AFF1534F1606D9A900CA2685 /* Foundation.framework */,
				AFF153511606D9A900CA2685 /* CoreGraphics.framework */,
			);
			name = Frameworks;
			sourceTree = "<group>";
		};
		AFF153531606D9A900CA2685 /* edufii */ = {
			isa = PBXGroup;
			children = (
				AFF1535C1606D9A900CA2685 /* AppDelegate.h */,
				AFF1535D1606D9A900CA2685 /* AppDelegate.m */,
				AFF1535F1606D9A900CA2685 /* MainStoryboard.storyboard */,
				AFF153621606D9A900CA2685 /* MasterViewController.h */,
				AFF153631606D9A900CA2685 /* MasterViewController.m */,
				AFF153651606D9A900CA2685 /* DetailViewController.h */,
				AFF153661606D9A900CA2685 /* DetailViewController.m */,
				AFF153541606D9A900CA2685 /* Supporting Files */,
			);
			path = edufii;
			sourceTree = "<group>";
		};
		AFF153541606D9A900CA2685 /* Supporting Files */ = {
			isa = PBXGroup;
			children = (
				AFF153551606D9A900CA2685 /* edufii-Info.plist */,
				AFF153561606D9A900CA2685 /* InfoPlist.strings */,
				AFF153591606D9A900CA2685 /* main.m */,
				AFF1535B1606D9A900CA2685 /* edufii-Prefix.pch */,
			);
			name = "Supporting Files";
			sourceTree = "<group>";
		};
/* End PBXGroup section */

/* Begin PBXNativeTarget section */
		AFF153481606D9A900CA2685 /* edufii */ = {
			isa = PBXNativeTarget;
			buildConfigurationList = AFF1536A1606D9A900CA2685 /* Build configuration list for PBXNativeTarget "edufii" */;
			buildPhases = (
				AFF153451606D9A900CA2685 /* Sources */,
				AFF153461606D9A900CA2685 /* Frameworks */,
				AFF153471606D9A900CA2685 /* Resources */,
			);
			buildRules = (
			);
			dependencies = (
			);
			name = edufii;
			productName = edufii;
			productReference = AFF153491606D9A900CA2685 /* edufii.app */;
			productType = "com.apple.product-type.application";
		};
/* End PBXNativeTarget section */

/* Begin PBXProject section */
		AFF153401606D9A900CA2685 /* Project object */ = {
			isa = PBXProject;
			attributes = {
				LastUpgradeCheck = 0440;
				ORGANIZATIONNAME = edufii;
			};
			buildConfigurationList = AFF153431606D9A900CA2685 /* Build configuration list for PBXProject "edufii" */;
			compatibilityVersion = "Xcode 3.2";
			developmentRegion = English;
			hasScannedForEncodings = 0;
			knownRegions = (
				en,
			);
			mainGroup = AFF1533E1606D9A900CA2685;
			productRefGroup = AFF1534A1606D9A900CA2685 /* Products */;
			projectDirPath = "";
			projectRoot = "";
			targets = (
				AFF153481606D9A900CA2685 /* edufii */,
			);
		};
/* End PBXProject section */

/* Begin PBXResourcesBuildPhase section */
		AFF153471606D9A900CA2685 /* Resources */ = {
			isa = PBXResourcesBuildPhase;
			buildActionMask = 2147483647;
			files = (
				AFF153581606D9A900CA2685 /* InfoPlist.strings in Resources */,
				AFF153611606D9A900CA2685 /* MainStoryboard.storyboard in Resources */,
			);
			runOnlyForDeploymentPostprocessing = 0;
		};
/* End PBXResourcesBuildPhase section */

/* Begin PBXSourcesBuildPhase section */
		AFF153451606D9A900CA2685 /* Sources */ = {
			isa = PBXSourcesBuildPhase;
			buildActionMask = 2147483647;
			files = (
				AFF1535A1606D9A900CA2685 /* main.m in Sources */,
				AFF1535E1606D9A900CA2685 /* AppDelegate.m in Sources */,
				AFF153641606D9A900CA2685 /* MasterViewController.m in Sources */,
				AFF153671606D9A900CA2685 /* DetailViewController.m in Sources */,
			);
			runOnlyForDeploymentPostprocessing = 0;
		};
/* End PBXSourcesBuildPhase section */

/* Begin PBXVariantGroup section */
		AFF153561606D9A900CA2685 /* InfoPlist.strings */ = {
			isa = PBXVariantGroup;
			children = (
				AFF153571606D9A900CA2685 /* en */,
			);
			name = InfoPlist.strings;
			sourceTree = "<group>";
		};
		AFF1535F1606D9A900CA2685 /* MainStoryboard.storyboard */ = {
			isa = PBXVariantGroup;
			children = (
				AFF153601606D9A900CA2685 /* en */,
			);
			name = MainStoryboard.storyboard;
			sourceTree = "<group>";
		};
/* End PBXVariantGroup section */

/* Begin XCBuildConfiguration section */
		AFF153681606D9A900CA2685 /* Debug */ = {
			isa = XCBuildConfiguration;
			buildSettings = {
				ALWAYS_SEARCH_USER_PATHS = NO;
				ARCHS = "$(ARCHS_STANDARD_32_BIT)";
				CLANG_CXX_LANGUAGE_STANDARD = "gnu++0x";
				CLANG_ENABLE_OBJC_ARC = YES;
				CLANG_WARN__DUPLICATE_METHOD_MATCH = YES;
				"CODE_SIGN_IDENTITY[sdk=iphoneos*]" = "iPhone Developer";
				COPY_PHASE_STRIP = NO;
				GCC_C_LANGUAGE_STANDARD = gnu99;
				GCC_DYNAMIC_NO_PIC = NO;
				GCC_OPTIMIZATION_LEVEL = 0;
				GCC_PREPROCESSOR_DEFINITIONS = (
					"DEBUG=1",
					"$(inherited)",
				);
				GCC_SYMBOLS_PRIVATE_EXTERN = NO;
				GCC_VERSION = com.apple.compilers.llvm.clang.1_0;
				GCC_WARN_ABOUT_RETURN_TYPE = YES;
				GCC_WARN_UNINITIALIZED_AUTOS = YES;
				GCC_WARN_UNUSED_VARIABLE = YES;
				IPHONEOS_DEPLOYMENT_TARGET = 5.1;
				SDKROOT = iphoneos;
			};
			name = Debug;
		};
		AFF153691606D9A900CA2685 /* Release */ = {
			isa = XCBuildConfiguration;
			buildSettings = {
				ALWAYS_SEARCH_USER_PATHS = NO;
				ARCHS = "$(ARCHS_STANDARD_32_BIT)";
				CLANG_CXX_LANGUAGE_STANDARD = "gnu++0x";
				CLANG_ENABLE_OBJC_ARC = YES;
				CLANG_WARN__DUPLICATE_METHOD_MATCH = YES;
				"CODE_SIGN_IDENTITY[sdk=iphoneos*]" = "iPhone Developer";
				COPY_PHASE_STRIP = YES;
				GCC_C_LANGUAGE_STANDARD = gnu99;
				GCC_VERSION = com.apple.compilers.llvm.clang.1_0;
				GCC_WARN_ABOUT_RETURN_TYPE = YES;
				GCC_WARN_UNINITIALIZED_AUTOS = YES;
				GCC_WARN_UNUSED_VARIABLE = YES;
				IPHONEOS_DEPLOYMENT_TARGET = 5.1;
				OTHER_CFLAGS = "-DNS_BLOCK_ASSERTIONS=1";
				SDKROOT = iphoneos;
				VALIDATE_PRODUCT = YES;
			};
			name = Release;
		};
		AFF1536B1606D9A900CA2685 /* Debug */ = {
			isa = XCBuildConfiguration;
			buildSettings = {
				GCC_PRECOMPILE_PREFIX_HEADER = YES;
				GCC_PREFIX_HEADER = "edufii/edufii-Prefix.pch";
				INFOPLIST_FILE = "edufii/edufii-Info.plist";
				PRODUCT_NAME = "$(TARGET_NAME)";
				WRAPPER_EXTENSION = app;
			};
			name = Debug;
		};
		AFF1536C1606D9A900CA2685 /* Release */ = {
			isa = XCBuildConfiguration;
			buildSettings = {
				GCC_PRECOMPILE_PREFIX_HEADER = YES;
				GCC_PREFIX_HEADER = "edufii/edufii-Prefix.pch";
				INFOPLIST_FILE = "edufii/edufii-Info.plist";
				PRODUCT_NAME = "$(TARGET_NAME)";
				WRAPPER_EXTENSION = app;
			};
			name = Release;
		};
/* End XCBuildConfiguration section */

/* Begin XCConfigurationList section */
		AFF153431606D9A900CA2685 /* Build configuration list for PBXProject "edufii" */ = {
			isa = XCConfigurationList;
			buildConfigurations = (
				AFF153681606D9A900CA2685 /* Debug */,
				AFF153691606D9A900CA2685 /* Release */,
			);
			defaultConfigurationIsVisible = 0;
			defaultConfigurationName = Release;
		};
		AFF1536A1606D9A900CA2685 /* Build configuration list for PBXNativeTarget "edufii" */ = {
			isa = XCConfigurationList;
			buildConfigurations = (
				AFF1536B1606D9A900CA2685 /* Debug */,
				AFF1536C1606D9A900CA2685 /* Release */,
			);
			defaultConfigurationIsVisible = 0;
		};
/* End XCConfigurationList section */
	};
	rootObject = AFF153401606D9A900CA2685 /* Project object */;
}
